
Microsoft Visual Studio Solution File, Format Version 12.00
# Visual Studio 15
VisualStudioVersion = 15.0.27130.2027
MinimumVisualStudioVersion = 10.0.40219.1
Project("{FAE04EC0-301F-11D3-BF4B-00C04F79EFBC}") = "XBWebApplication2", "XBWebApplication2\XBWebApplication2.csproj", "{08B2DDC1-0D5B-4A0D-A32A-5918CEEBD766}"
EndProject
Global
	GlobalSection(SolutionConfigurationPlatforms) = preSolution
		Debug|Any CPU = Debug|Any CPU
		Release|Any CPU = Release|Any CPU
	EndGlobalSection
	GlobalSection(ProjectConfigurationPlatforms) = postSolution
		{08B2DDC1-0D5B-4A0D-A32A-5918CEEBD766}.Debug|Any CPU.ActiveCfg = Debug|Any CPU
		{08B2DDC1-0D5B-4A0D-A32A-5918CEEBD766}.Debug|Any CPU.Build.0 = Debug|Any CPU
		{08B2DDC1-0D5B-4A0D-A32A-5918CEEBD766}.Release|Any CPU.ActiveCfg = Release|Any CPU
		{08B2DDC1-0D5B-4A0D-A32A-5918CEEBD766}.Release|Any CPU.Build.0 = Release|Any CPU
	EndGlobalSection
	GlobalSection(SolutionProperties) = preSolution
		HideSolutionNode = FALSE
	EndGlobalSection
	GlobalSection(ExtensibilityGlobals) = postSolution
		SolutionGuid = {F84845AB-AAB7-423D-89F9-CDF3FB965D08}
	EndGlobalSection
EndGlobal
